
Microsoft Visual Studio Solution File, Format Version 12.00
# Visual Studio 15
VisualStudioVersion = 15.0.27130.2036
MinimumVisualStudioVersion = 10.0.40219.1
Project("{FAE04EC0-301F-11D3-BF4B-00C04F79EFBC}") = "VesApp.Android", "VesApp\VesApp.Android\VesApp.Android.csproj", "{04F8D92A-703B-4EBB-B9BB-91E2A074D4AD}"
EndProject
Project("{FAE04EC0-301F-11D3-BF4B-00C04F79EFBC}") = "VesApp.iOS", "VesApp\VesApp.iOS\VesApp.iOS.csproj", "{A030FDDD-D6FF-4250-8426-99DBAC6622CE}"
EndProject
Project("{FAE04EC0-301F-11D3-BF4B-00C04F79EFBC}") = "VesApp", "VesApp\VesApp\VesApp.csproj", "{1F1850DC-68AC-4FD1-821A-1CC6A35F2FF4}"
EndProject
Global
	GlobalSection(SolutionConfigurationPlatforms) = preSolution
		Ad-Hoc|Any CPU = Ad-Hoc|Any CPU
		Ad-Hoc|iPhone = Ad-Hoc|iPhone
		Ad-Hoc|iPhoneSimulator = Ad-Hoc|iPhoneSimulator
		AppStore|Any CPU = AppStore|Any CPU
		AppStore|iPhone = AppStore|iPhone
		AppStore|iPhoneSimulator = AppStore|iPhoneSimulator
		Debug|Any CPU = Debug|Any CPU
		Debug|iPhone = Debug|iPhone
		Debug|iPhoneSimulator = Debug|iPhoneSimulator
		Release|Any CPU = Release|Any CPU
		Release|iPhone = Release|iPhone
		Release|iPhoneSimulator = Release|iPhoneSimulator
	EndGlobalSection
	GlobalSection(ProjectConfigurationPlatforms) = postSolution
		{04F8D92A-703B-4EBB-B9BB-91E2A074D4AD}.Ad-Hoc|Any CPU.ActiveCfg = Release|Any CPU
		{04F8D92A-703B-4EBB-B9BB-91E2A074D4AD}.Ad-Hoc|Any CPU.Build.0 = Release|Any CPU
		{04F8D92A-703B-4EBB-B9BB-91E2A074D4AD}.Ad-Hoc|Any CPU.Deploy.0 = Release|Any CPU
		{04F8D92A-703B-4EBB-B9BB-91E2A074D4AD}.Ad-Hoc|iPhone.ActiveCfg = Release|Any CPU
		{04F8D92A-703B-4EBB-B9BB-91E2A074D4AD}.Ad-Hoc|iPhone.Build.0 = Release|Any CPU
		{04F8D92A-703B-4EBB-B9BB-91E2A074D4AD}.Ad-Hoc|iPhone.Deploy.0 = Release|Any CPU
		{04F8D92A-703B-4EBB-B9BB-91E2A074D4AD}.Ad-Hoc|iPhoneSimulator.ActiveCfg = Release|Any CPU
		{04F8D92A-703B-4EBB-B9BB-91E2A074D4AD}.Ad-Hoc|iPhoneSimulator.Build.0 = Release|Any CPU
		{04F8D92A-703B-4EBB-B9BB-91E2A074D4AD}.Ad-Hoc|iPhoneSimulator.Deploy.0 = Release|Any CPU
		{04F8D92A-703B-4EBB-B9BB-91E2A074D4AD}.AppStore|Any CPU.ActiveCfg = Release|Any CPU
		{04F8D92A-703B-4EBB-B9BB-91E2A074D4AD}.AppStore|Any CPU.Build.0 = Release|Any CPU
		{04F8D92A-703B-4EBB-B9BB-91E2A074D4AD}.AppStore|Any CPU.Deploy.0 = Release|Any CPU
		{04F8D92A-703B-4EBB-B9BB-91E2A074D4AD}.AppStore|iPhone.ActiveCfg = Release|Any CPU
		{04F8D92A-703B-4EBB-B9BB-91E2A074D4AD}.AppStore|iPhone.Build.0 = Release|Any CPU
		{04F8D92A-703B-4EBB-B9BB-91E2A074D4AD}.AppStore|iPhone.Deploy.0 = Release|Any CPU
		{04F8D92A-703B-4EBB-B9BB-91E2A074D4AD}.AppStore|iPhoneSimulator.ActiveCfg = Release|Any CPU
		{04F8D92A-703B-4EBB-B9BB-91E2A074D4AD}.AppStore|iPhoneSimulator.Build.0 = Release|Any CPU
		{04F8D92A-703B-4EBB-B9BB-91E2A074D4AD}.AppStore|iPhoneSimulator.Deploy.0 = Release|Any CPU
		{04F8D92A-703B-4EBB-B9BB-91E2A074D4AD}.Debug|Any CPU.ActiveCfg = Debug|Any CPU
		{04F8D92A-703B-4EBB-B9BB-91E2A074D4AD}.Debug|Any CPU.Build.0 = Debug|Any CPU
		{04F8D92A-703B-4EBB-B9BB-91E2A074D4AD}.Debug|Any CPU.Deploy.0 = Debug|Any CPU
		{04F8D92A-703B-4EBB-B9BB-91E2A074D4AD}.Debug|iPhone.ActiveCfg = Debug|Any CPU
		{04F8D92A-703B-4EBB-B9BB-91E2A074D4AD}.Debug|iPhone.Build.0 = Debug|Any CPU
		{04F8D92A-703B-4EBB-B9BB-91E2A074D4AD}.Debug|iPhone.Deploy.0 = Debug|Any CPU
		{04F8D92A-703B-4EBB-B9BB-91E2A074D4AD}.Debug|iPhoneSimulator.ActiveCfg = Debug|Any CPU
		{04F8D92A-703B-4EBB-B9BB-91E2A074D4AD}.Debug|iPhoneSimulator.Build.0 = Debug|Any CPU
		{04F8D92A-703B-4EBB-B9BB-91E2A074D4AD}.Debug|iPhoneSimulator.Deploy.0 = Debug|Any CPU
		{04F8D92A-703B-4EBB-B9BB-91E2A074D4AD}.Release|Any CPU.ActiveCfg = Release|Any CPU
		{04F8D92A-703B-4EBB-B9BB-91E2A074D4AD}.Release|Any CPU.Build.0 = Release|Any CPU
		{04F8D92A-703B-4EBB-B9BB-91E2A074D4AD}.Release|Any CPU.Deploy.0 = Release|Any CPU
		{04F8D92A-703B-4EBB-B9BB-91E2A074D4AD}.Release|iPhone.ActiveCfg = Release|Any CPU
		{04F8D92A-703B-4EBB-B9BB-91E2A074D4AD}.Release|iPhone.Build.0 = Release|Any CPU
		{04F8D92A-703B-4EBB-B9BB-91E2A074D4AD}.Release|iPhone.Deploy.0 = Release|Any CPU
		{04F8D92A-703B-4EBB-B9BB-91E2A074D4AD}.Release|iPhoneSimulator.ActiveCfg = Release|Any CPU
		{04F8D92A-703B-4EBB-B9BB-91E2A074D4AD}.Release|iPhoneSimulator.Build.0 = Release|Any CPU
		{04F8D92A-703B-4EBB-B9BB-91E2A074D4AD}.Release|iPhoneSimulator.Deploy.0 = Release|Any CPU
		{A030FDDD-D6FF-4250-8426-99DBAC6622CE}.Ad-Hoc|Any CPU.ActiveCfg = Ad-Hoc|iPhone
		{A030FDDD-D6FF-4250-8426-99DBAC6622CE}.Ad-Hoc|iPhone.ActiveCfg = Ad-Hoc|iPhone
		{A030FDDD-D6FF-4250-8426-99DBAC6622CE}.Ad-Hoc|iPhone.Build.0 = Ad-Hoc|iPhone
		{A030FDDD-D6FF-4250-8426-99DBAC6622CE}.Ad-Hoc|iPhoneSimulator.ActiveCfg = Ad-Hoc|iPhoneSimulator
		{A030FDDD-D6FF-4250-8426-99DBAC6622CE}.Ad-Hoc|iPhoneSimulator.Build.0 = Ad-Hoc|iPhoneSimulator
		{A030FDDD-D6FF-4250-8426-99DBAC6622CE}.AppStore|Any CPU.ActiveCfg = AppStore|iPhone
		{A030FDDD-D6FF-4250-8426-99DBAC6622CE}.AppStore|iPhone.ActiveCfg = AppStore|iPhone
		{A030FDDD-D6FF-4250-8426-99DBAC6622CE}.AppStore|iPhone.Build.0 = AppStore|iPhone
		{A030FDDD-D6FF-4250-8426-99DBAC6622CE}.AppStore|iPhoneSimulator.ActiveCfg = AppStore|iPhoneSimulator
		{A030FDDD-D6FF-4250-8426-99DBAC6622CE}.AppStore|iPhoneSimulator.Build.0 = AppStore|iPhoneSimulator
		{A030FDDD-D6FF-4250-8426-99DBAC6622CE}.Debug|Any CPU.ActiveCfg = Debug|iPhone
		{A030FDDD-D6FF-4250-8426-99DBAC6622CE}.Debug|iPhone.ActiveCfg = Debug|iPhone
		{A030FDDD-D6FF-4250-8426-99DBAC6622CE}.Debug|iPhone.Build.0 = Debug|iPhone
		{A030FDDD-D6FF-4250-8426-99DBAC6622CE}.Debug|iPhoneSimulator.ActiveCfg = Debug|iPhoneSimulator
		{A030FDDD-D6FF-4250-8426-99DBAC6622CE}.Debug|iPhoneSimulator.Build.0 = Debug|iPhoneSimulator
		{A030FDDD-D6FF-4250-8426-99DBAC6622CE}.Release|Any CPU.ActiveCfg = Release|iPhone
		{A030FDDD-D6FF-4250-8426-99DBAC6622CE}.Release|iPhone.ActiveCfg = Release|iPhone
		{A030FDDD-D6FF-4250-8426-99DBAC6622CE}.Release|iPhone.Build.0 = Release|iPhone
		{A030FDDD-D6FF-4250-8426-99DBAC6622CE}.Release|iPhoneSimulator.ActiveCfg = Release|iPhoneSimulator
		{A030FDDD-D6FF-4250-8426-99DBAC6622CE}.Release|iPhoneSimulator.Build.0 = Release|iPhoneSimulator
		{1F1850DC-68AC-4FD1-821A-1CC6A35F2FF4}.Ad-Hoc|Any CPU.ActiveCfg = Debug|Any CPU
		{1F1850DC-68AC-4FD1-821A-1CC6A35F2FF4}.Ad-Hoc|Any CPU.Build.0 = Debug|Any CPU
		{1F1850DC-68AC-4FD1-821A-1CC6A35F2FF4}.Ad-Hoc|iPhone.ActiveCfg = Debug|Any CPU
		{1F1850DC-68AC-4FD1-821A-1CC6A35F2FF4}.Ad-Hoc|iPhone.Build.0 = Debug|Any CPU
		{1F1850DC-68AC-4FD1-821A-1CC6A35F2FF4}.Ad-Hoc|iPhoneSimulator.ActiveCfg = Debug|Any CPU
		{1F1850DC-68AC-4FD1-821A-1CC6A35F2FF4}.Ad-Hoc|iPhoneSimulator.Build.0 = Debug|Any CPU
		{1F1850DC-68AC-4FD1-821A-1CC6A35F2FF4}.AppStore|Any CPU.ActiveCfg = Debug|Any CPU
		{1F1850DC-68AC-4FD1-821A-1CC6A35F2FF4}.AppStore|Any CPU.Build.0 = Debug|Any CPU
		{1F1850DC-68AC-4FD1-821A-1CC6A35F2FF4}.AppStore|iPhone.ActiveCfg = Debug|Any CPU
		{1F1850DC-68AC-4FD1-821A-1CC6A35F2FF4}.AppStore|iPhone.Build.0 = Debug|Any CPU
		{1F1850DC-68AC-4FD1-821A-1CC6A35F2FF4}.AppStore|iPhoneSimulator.ActiveCfg = Debug|Any CPU
		{1F1850DC-68AC-4FD1-821A-1CC6A35F2FF4}.AppStore|iPhoneSimulator.Build.0 = Debug|Any CPU
		{1F1850DC-68AC-4FD1-821A-1CC6A35F2FF4}.Debug|Any CPU.ActiveCfg = Debug|Any CPU
		{1F1850DC-68AC-4FD1-821A-1CC6A35F2FF4}.Debug|Any CPU.Build.0 = Debug|Any CPU
		{1F1850DC-68AC-4FD1-821A-1CC6A35F2FF4}.Debug|iPhone.ActiveCfg = Debug|Any CPU
		{1F1850DC-68AC-4FD1-821A-1CC6A35F2FF4}.Debug|iPhone.Build.0 = Debug|Any CPU
		{1F1850DC-68AC-4FD1-821A-1CC6A35F2FF4}.Debug|iPhoneSimulator.ActiveCfg = Debug|Any CPU
		{1F1850DC-68AC-4FD1-821A-1CC6A35F2FF4}.Debug|iPhoneSimulator.Build.0 = Debug|Any CPU
		{1F1850DC-68AC-4FD1-821A-1CC6A35F2FF4}.Release|Any CPU.ActiveCfg = Release|Any CPU
		{1F1850DC-68AC-4FD1-821A-1CC6A35F2FF4}.Release|Any CPU.Build.0 = Release|Any CPU
		{1F1850DC-68AC-4FD1-821A-1CC6A35F2FF4}.Release|iPhone.ActiveCfg = Release|Any CPU
		{1F1850DC-68AC-4FD1-821A-1CC6A35F2FF4}.Release|iPhone.Build.0 = Release|Any CPU
		{1F1850DC-68AC-4FD1-821A-1CC6A35F2FF4}.Release|iPhoneSimulator.ActiveCfg = Release|Any CPU
		{1F1850DC-68AC-4FD1-821A-1CC6A35F2FF4}.Release|iPhoneSimulator.Build.0 = Release|Any CPU
	EndGlobalSection
	GlobalSection(SolutionProperties) = preSolution
		HideSolutionNode = FALSE
	EndGlobalSection
	GlobalSection(ExtensibilityGlobals) = postSolution
		SolutionGuid = {88D592D8-9EDF-47F2-AFB8-6AF11CB982B3}
	EndGlobalSection
EndGlobal
